
Microsoft Visual Studio Solution File, Format Version 12.00
# Visual Studio Version 16
VisualStudioVersion = 16.0.29001.49
MinimumVisualStudioVersion = 10.0.40219.1
Project("{2150E333-8FDC-42A3-9474-1A3956D46DE8}") = "src", "src", "{AFAA0841-BD93-466F-B8F4-FB4EEC86F1FC}"
EndProject
Project("{2150E333-8FDC-42A3-9474-1A3956D46DE8}") = "test", "test", "{F10AA149-2626-486E-85BB-9CD5365F3016}"
EndProject
Project("{9A19103F-16F7-4668-BE54-9A1E7A4F7556}") = "MQKJ.BSMP.Core", "src\MQKJ.BSMP.Core\MQKJ.BSMP.Core.csproj", "{0FA75A5B-AB83-4FD0-B545-279774C01E87}"
EndProject
Project("{9A19103F-16F7-4668-BE54-9A1E7A4F7556}") = "MQKJ.BSMP.Application", "src\MQKJ.BSMP.Application\MQKJ.BSMP.Application.csproj", "{3870C648-4AEA-4B85-BA3F-F2F63B96136A}"
EndProject
Project("{9A19103F-16F7-4668-BE54-9A1E7A4F7556}") = "MQKJ.BSMP.Tests", "test\MQKJ.BSMP.Tests\MQKJ.BSMP.Tests.csproj", "{0D4C5D00-C144-4213-A007-4B8944113AB1}"
EndProject
Project("{9A19103F-16F7-4668-BE54-9A1E7A4F7556}") = "MQKJ.BSMP.Migrator", "src\MQKJ.BSMP.Migrator\MQKJ.BSMP.Migrator.csproj", "{880B3591-E057-46FE-B525-10BD83828B93}"
EndProject
Project("{9A19103F-16F7-4668-BE54-9A1E7A4F7556}") = "MQKJ.BSMP.Web.Host", "src\MQKJ.BSMP.Web.Host\MQKJ.BSMP.Web.Host.csproj", "{38E184BD-E874-4633-A947-AED4FDB73F40}"
EndProject
Project("{9A19103F-16F7-4668-BE54-9A1E7A4F7556}") = "MQKJ.BSMP.Web.Core", "src\MQKJ.BSMP.Web.Core\MQKJ.BSMP.Web.Core.csproj", "{22CFE0D2-8DCA-42D7-AD7D-784C3862493F}"
EndProject
Project("{9A19103F-16F7-4668-BE54-9A1E7A4F7556}") = "MQKJ.BSMP.EntityFrameworkCore", "src\MQKJ.BSMP.EntityFrameworkCore\MQKJ.BSMP.EntityFrameworkCore.csproj", "{E0580562-F8F2-4EBB-B07A-ABFC6F2C314F}"
EndProject
Project("{9A19103F-16F7-4668-BE54-9A1E7A4F7556}") = "MQKJ.BSMP.Utils", "src\MQKJ.BSMP.Utils\MQKJ.BSMP.Utils.csproj", "{F2BA7298-F5D0-4BA6-B558-B405A5D7CCA8}"
EndProject
Project("{9A19103F-16F7-4668-BE54-9A1E7A4F7556}") = "MQKJ.BSMP.Web.Mvc", "src\MQKJ.BSMP.Web.Mvc\MQKJ.BSMP.Web.Mvc.csproj", "{D100CF81-AD59-4299-A68C-6AB2EA85CDB1}"
EndProject
Project("{2150E333-8FDC-42A3-9474-1A3956D46DE8}") = "libs", "libs", "{DEBBFDE7-650C-4BE4-8C9F-026C5869DAFE}"
EndProject
Project("{2150E333-8FDC-42A3-9474-1A3956D46DE8}") = "JCSoft.WXCore", "JCSoft.WXCore", "{167C9E8C-E402-48E6-95D3-4F80B7720447}"
	ProjectSection(SolutionItems) = preProject
		libs\JCSoft.WXCore\JCSoft.WX.Framework.deps.json = libs\JCSoft.WXCore\JCSoft.WX.Framework.deps.json
		libs\JCSoft.WXCore\JCSoft.WX.Framework.dll = libs\JCSoft.WXCore\JCSoft.WX.Framework.dll
		libs\JCSoft.WXCore\JCSoft.WX.Framework.pdb = libs\JCSoft.WXCore\JCSoft.WX.Framework.pdb
		libs\JCSoft.WXCore\Microsoft.AspNetCore.Mvc.Formatters.Xml.dll = libs\JCSoft.WXCore\Microsoft.AspNetCore.Mvc.Formatters.Xml.dll
		libs\JCSoft.WXCore\Microsoft.AspNetCore.Mvc.Formatters.Xml.xml = libs\JCSoft.WXCore\Microsoft.AspNetCore.Mvc.Formatters.Xml.xml
	EndProjectSection
EndProject
Project("{2150E333-8FDC-42A3-9474-1A3956D46DE8}") = "agent", "agent", "{7C5C2B0D-5532-4977-8DB7-BCF18C8811AA}"
EndProject
Project("{2150E333-8FDC-42A3-9474-1A3956D46DE8}") = "vue", "vue", "{4B5BC733-6358-4093-B280-AB2A372C9564}"
EndProject
Project("{2150E333-8FDC-42A3-9474-1A3956D46DE8}") = "tools", "tools", "{07810D31-5772-448C-8C1E-0E60416A138D}"
EndProject
Project("{9A19103F-16F7-4668-BE54-9A1E7A4F7556}") = "MQKJ.BSMP.Services.WechatPay", "tools\MQKJ.BSMP.Services.WechatPay\MQKJ.BSMP.Services.WechatPay.csproj", "{4AF97894-9370-4970-A339-E4D3939CFB94}"
EndProject
Project("{9A19103F-16F7-4668-BE54-9A1E7A4F7556}") = "MQKJ.BSMP.QCloud", "src\MQKJ.BSMP.QCloud\MQKJ.BSMP.QCloud.csproj", "{12BA827A-5B48-4FB3-91C0-2C14CBB76C82}"
EndProject
Project("{9A19103F-16F7-4668-BE54-9A1E7A4F7556}") = "MQKJ.BSMP.ExportExcelData", "MQKJ.BSMP.ExportExcelData\MQKJ.BSMP.ExportExcelData.csproj", "{4B43F0A1-E650-46D7-98CB-BAC055A37638}"
EndProject
Global
	GlobalSection(SolutionConfigurationPlatforms) = preSolution
		Debug|Any CPU = Debug|Any CPU
		Release|Any CPU = Release|Any CPU
		running|Any CPU = running|Any CPU
	EndGlobalSection
	GlobalSection(ProjectConfigurationPlatforms) = postSolution
		{0FA75A5B-AB83-4FD0-B545-279774C01E87}.Debug|Any CPU.ActiveCfg = Debug|Any CPU
		{0FA75A5B-AB83-4FD0-B545-279774C01E87}.Debug|Any CPU.Build.0 = Debug|Any CPU
		{0FA75A5B-AB83-4FD0-B545-279774C01E87}.Release|Any CPU.ActiveCfg = Release|Any CPU
		{0FA75A5B-AB83-4FD0-B545-279774C01E87}.Release|Any CPU.Build.0 = Release|Any CPU
		{0FA75A5B-AB83-4FD0-B545-279774C01E87}.running|Any CPU.ActiveCfg = running|Any CPU
		{0FA75A5B-AB83-4FD0-B545-279774C01E87}.running|Any CPU.Build.0 = running|Any CPU
		{3870C648-4AEA-4B85-BA3F-F2F63B96136A}.Debug|Any CPU.ActiveCfg = Debug|Any CPU
		{3870C648-4AEA-4B85-BA3F-F2F63B96136A}.Debug|Any CPU.Build.0 = Debug|Any CPU
		{3870C648-4AEA-4B85-BA3F-F2F63B96136A}.Release|Any CPU.ActiveCfg = Release|Any CPU
		{3870C648-4AEA-4B85-BA3F-F2F63B96136A}.Release|Any CPU.Build.0 = Release|Any CPU
		{3870C648-4AEA-4B85-BA3F-F2F63B96136A}.running|Any CPU.ActiveCfg = running|Any CPU
		{3870C648-4AEA-4B85-BA3F-F2F63B96136A}.running|Any CPU.Build.0 = running|Any CPU
		{0D4C5D00-C144-4213-A007-4B8944113AB1}.Debug|Any CPU.ActiveCfg = Debug|Any CPU
		{0D4C5D00-C144-4213-A007-4B8944113AB1}.Debug|Any CPU.Build.0 = Debug|Any CPU
		{0D4C5D00-C144-4213-A007-4B8944113AB1}.Release|Any CPU.ActiveCfg = Release|Any CPU
		{0D4C5D00-C144-4213-A007-4B8944113AB1}.Release|Any CPU.Build.0 = Release|Any CPU
		{0D4C5D00-C144-4213-A007-4B8944113AB1}.running|Any CPU.ActiveCfg = running|Any CPU
		{0D4C5D00-C144-4213-A007-4B8944113AB1}.running|Any CPU.Build.0 = running|Any CPU
		{880B3591-E057-46FE-B525-10BD83828B93}.Debug|Any CPU.ActiveCfg = Debug|Any CPU
		{880B3591-E057-46FE-B525-10BD83828B93}.Debug|Any CPU.Build.0 = Debug|Any CPU
		{880B3591-E057-46FE-B525-10BD83828B93}.Release|Any CPU.ActiveCfg = Release|Any CPU
		{880B3591-E057-46FE-B525-10BD83828B93}.Release|Any CPU.Build.0 = Release|Any CPU
		{880B3591-E057-46FE-B525-10BD83828B93}.running|Any CPU.ActiveCfg = running|Any CPU
		{880B3591-E057-46FE-B525-10BD83828B93}.running|Any CPU.Build.0 = running|Any CPU
		{38E184BD-E874-4633-A947-AED4FDB73F40}.Debug|Any CPU.ActiveCfg = Debug|Any CPU
		{38E184BD-E874-4633-A947-AED4FDB73F40}.Debug|Any CPU.Build.0 = Debug|Any CPU
		{38E184BD-E874-4633-A947-AED4FDB73F40}.Release|Any CPU.ActiveCfg = Release|Any CPU
		{38E184BD-E874-4633-A947-AED4FDB73F40}.Release|Any CPU.Build.0 = Release|Any CPU
		{38E184BD-E874-4633-A947-AED4FDB73F40}.running|Any CPU.ActiveCfg = running|Any CPU
		{38E184BD-E874-4633-A947-AED4FDB73F40}.running|Any CPU.Build.0 = running|Any CPU
		{22CFE0D2-8DCA-42D7-AD7D-784C3862493F}.Debug|Any CPU.ActiveCfg = Debug|Any CPU
		{22CFE0D2-8DCA-42D7-AD7D-784C3862493F}.Debug|Any CPU.Build.0 = Debug|Any CPU
		{22CFE0D2-8DCA-42D7-AD7D-784C3862493F}.Release|Any CPU.ActiveCfg = Release|Any CPU
		{22CFE0D2-8DCA-42D7-AD7D-784C3862493F}.Release|Any CPU.Build.0 = Release|Any CPU
		{22CFE0D2-8DCA-42D7-AD7D-784C3862493F}.running|Any CPU.ActiveCfg = running|Any CPU
		{22CFE0D2-8DCA-42D7-AD7D-784C3862493F}.running|Any CPU.Build.0 = running|Any CPU
		{E0580562-F8F2-4EBB-B07A-ABFC6F2C314F}.Debug|Any CPU.ActiveCfg = Debug|Any CPU
		{E0580562-F8F2-4EBB-B07A-ABFC6F2C314F}.Debug|Any CPU.Build.0 = Debug|Any CPU
		{E0580562-F8F2-4EBB-B07A-ABFC6F2C314F}.Release|Any CPU.ActiveCfg = Release|Any CPU
		{E0580562-F8F2-4EBB-B07A-ABFC6F2C314F}.Release|Any CPU.Build.0 = Release|Any CPU
		{E0580562-F8F2-4EBB-B07A-ABFC6F2C314F}.running|Any CPU.ActiveCfg = running|Any CPU
		{E0580562-F8F2-4EBB-B07A-ABFC6F2C314F}.running|Any CPU.Build.0 = running|Any CPU
		{F2BA7298-F5D0-4BA6-B558-B405A5D7CCA8}.Debug|Any CPU.ActiveCfg = Debug|Any CPU
		{F2BA7298-F5D0-4BA6-B558-B405A5D7CCA8}.Debug|Any CPU.Build.0 = Debug|Any CPU
		{F2BA7298-F5D0-4BA6-B558-B405A5D7CCA8}.Release|Any CPU.ActiveCfg = Release|Any CPU
		{F2BA7298-F5D0-4BA6-B558-B405A5D7CCA8}.Release|Any CPU.Build.0 = Release|Any CPU
		{F2BA7298-F5D0-4BA6-B558-B405A5D7CCA8}.running|Any CPU.ActiveCfg = running|Any CPU
		{F2BA7298-F5D0-4BA6-B558-B405A5D7CCA8}.running|Any CPU.Build.0 = running|Any CPU
		{D100CF81-AD59-4299-A68C-6AB2EA85CDB1}.Debug|Any CPU.ActiveCfg = Debug|Any CPU
		{D100CF81-AD59-4299-A68C-6AB2EA85CDB1}.Debug|Any CPU.Build.0 = Debug|Any CPU
		{D100CF81-AD59-4299-A68C-6AB2EA85CDB1}.Release|Any CPU.ActiveCfg = Release|Any CPU
		{D100CF81-AD59-4299-A68C-6AB2EA85CDB1}.Release|Any CPU.Build.0 = Release|Any CPU
		{D100CF81-AD59-4299-A68C-6AB2EA85CDB1}.running|Any CPU.ActiveCfg = running|Any CPU
		{D100CF81-AD59-4299-A68C-6AB2EA85CDB1}.running|Any CPU.Build.0 = running|Any CPU
		{4AF97894-9370-4970-A339-E4D3939CFB94}.Debug|Any CPU.ActiveCfg = Debug|Any CPU
		{4AF97894-9370-4970-A339-E4D3939CFB94}.Debug|Any CPU.Build.0 = Debug|Any CPU
		{4AF97894-9370-4970-A339-E4D3939CFB94}.Release|Any CPU.ActiveCfg = Release|Any CPU
		{4AF97894-9370-4970-A339-E4D3939CFB94}.Release|Any CPU.Build.0 = Release|Any CPU
		{4AF97894-9370-4970-A339-E4D3939CFB94}.running|Any CPU.ActiveCfg = running|Any CPU
		{4AF97894-9370-4970-A339-E4D3939CFB94}.running|Any CPU.Build.0 = running|Any CPU
		{12BA827A-5B48-4FB3-91C0-2C14CBB76C82}.Debug|Any CPU.ActiveCfg = Debug|Any CPU
		{12BA827A-5B48-4FB3-91C0-2C14CBB76C82}.Debug|Any CPU.Build.0 = Debug|Any CPU
		{12BA827A-5B48-4FB3-91C0-2C14CBB76C82}.Release|Any CPU.ActiveCfg = Release|Any CPU
		{12BA827A-5B48-4FB3-91C0-2C14CBB76C82}.Release|Any CPU.Build.0 = Release|Any CPU
		{12BA827A-5B48-4FB3-91C0-2C14CBB76C82}.running|Any CPU.ActiveCfg = running|Any CPU
		{12BA827A-5B48-4FB3-91C0-2C14CBB76C82}.running|Any CPU.Build.0 = running|Any CPU
		{4B43F0A1-E650-46D7-98CB-BAC055A37638}.Debug|Any CPU.ActiveCfg = Debug|Any CPU
		{4B43F0A1-E650-46D7-98CB-BAC055A37638}.Debug|Any CPU.Build.0 = Debug|Any CPU
		{4B43F0A1-E650-46D7-98CB-BAC055A37638}.Release|Any CPU.ActiveCfg = Release|Any CPU
		{4B43F0A1-E650-46D7-98CB-BAC055A37638}.Release|Any CPU.Build.0 = Release|Any CPU
		{4B43F0A1-E650-46D7-98CB-BAC055A37638}.running|Any CPU.ActiveCfg = running|Any CPU
		{4B43F0A1-E650-46D7-98CB-BAC055A37638}.running|Any CPU.Build.0 = running|Any CPU
	EndGlobalSection
	GlobalSection(SolutionProperties) = preSolution
		HideSolutionNode = FALSE
	EndGlobalSection
	GlobalSection(NestedProjects) = preSolution
		{0FA75A5B-AB83-4FD0-B545-279774C01E87} = {AFAA0841-BD93-466F-B8F4-FB4EEC86F1FC}
		{3870C648-4AEA-4B85-BA3F-F2F63B96136A} = {AFAA0841-BD93-466F-B8F4-FB4EEC86F1FC}
		{0D4C5D00-C144-4213-A007-4B8944113AB1} = {F10AA149-2626-486E-85BB-9CD5365F3016}
		{880B3591-E057-46FE-B525-10BD83828B93} = {AFAA0841-BD93-466F-B8F4-FB4EEC86F1FC}
		{38E184BD-E874-4633-A947-AED4FDB73F40} = {AFAA0841-BD93-466F-B8F4-FB4EEC86F1FC}
		{22CFE0D2-8DCA-42D7-AD7D-784C3862493F} = {AFAA0841-BD93-466F-B8F4-FB4EEC86F1FC}
		{E0580562-F8F2-4EBB-B07A-ABFC6F2C314F} = {AFAA0841-BD93-466F-B8F4-FB4EEC86F1FC}
		{F2BA7298-F5D0-4BA6-B558-B405A5D7CCA8} = {AFAA0841-BD93-466F-B8F4-FB4EEC86F1FC}
		{D100CF81-AD59-4299-A68C-6AB2EA85CDB1} = {AFAA0841-BD93-466F-B8F4-FB4EEC86F1FC}
		{167C9E8C-E402-48E6-95D3-4F80B7720447} = {DEBBFDE7-650C-4BE4-8C9F-026C5869DAFE}
		{4AF97894-9370-4970-A339-E4D3939CFB94} = {07810D31-5772-448C-8C1E-0E60416A138D}
		{12BA827A-5B48-4FB3-91C0-2C14CBB76C82} = {AFAA0841-BD93-466F-B8F4-FB4EEC86F1FC}
		{4B43F0A1-E650-46D7-98CB-BAC055A37638} = {07810D31-5772-448C-8C1E-0E60416A138D}
	EndGlobalSection
	GlobalSection(ExtensibilityGlobals) = postSolution
		SolutionGuid = {5133E2E4-CDBA-44BC-85A6-DB6B101A765A}
	EndGlobalSection
EndGlobal
